
Microsoft Visual Studio Solution File, Format Version 12.00
# Visual Studio 2013
VisualStudioVersion = 12.0.21005.1
MinimumVisualStudioVersion = 10.0.40219.1
Project("{FAE04EC0-301F-11D3-BF4B-00C04F79EFBC}") = "NgaOutlookTest", "NgaOutlookTest\NgaOutlookTest.csproj", "{D8C342AE-D728-4CFE-842F-20F33A700E0A}"
EndProject
Project("{FAE04EC0-301F-11D3-BF4B-00C04F79EFBC}") = "Hpe.Nga.Api.Core", "Hpe.Nga.Api\Hpe.Nga.Api.Core.csproj", "{344D2EA6-C3E6-4A67-95C1-51B5E7647E89}"
EndProject
Project("{FAE04EC0-301F-11D3-BF4B-00C04F79EFBC}") = "Hpe.Nga.Api.UI.Core", "Hpe.Nga.Api.UI.Core\Hpe.Nga.Api.UI.Core.csproj", "{3CFA9560-885E-4475-BD8C-D7D9B314C618}"
EndProject
Project("{FAE04EC0-301F-11D3-BF4B-00C04F79EFBC}") = "SharedCalendar", "QuickLook\SharedCalendar.csproj", "{09CE0249-8BFD-40EE-9BCD-6989579D0D80}"
EndProject
Project("{FAE04EC0-301F-11D3-BF4B-00C04F79EFBC}") = "Hpe.Nga.Api.Core.Tests", "Hpe.Nga.Api.Core.Tests\Hpe.Nga.Api.Core.Tests.csproj", "{E4F5B839-ECBB-421B-A231-0062A6EE7FEA}"
EndProject
Global
	GlobalSection(SolutionConfigurationPlatforms) = preSolution
		Debug|Any CPU = Debug|Any CPU
		Release|Any CPU = Release|Any CPU
	EndGlobalSection
	GlobalSection(ProjectConfigurationPlatforms) = postSolution
		{D8C342AE-D728-4CFE-842F-20F33A700E0A}.Debug|Any CPU.ActiveCfg = Debug|Any CPU
		{D8C342AE-D728-4CFE-842F-20F33A700E0A}.Debug|Any CPU.Build.0 = Debug|Any CPU
		{D8C342AE-D728-4CFE-842F-20F33A700E0A}.Release|Any CPU.ActiveCfg = Release|Any CPU
		{D8C342AE-D728-4CFE-842F-20F33A700E0A}.Release|Any CPU.Build.0 = Release|Any CPU
		{344D2EA6-C3E6-4A67-95C1-51B5E7647E89}.Debug|Any CPU.ActiveCfg = Debug|Any CPU
		{344D2EA6-C3E6-4A67-95C1-51B5E7647E89}.Debug|Any CPU.Build.0 = Debug|Any CPU
		{344D2EA6-C3E6-4A67-95C1-51B5E7647E89}.Release|Any CPU.ActiveCfg = Release|Any CPU
		{344D2EA6-C3E6-4A67-95C1-51B5E7647E89}.Release|Any CPU.Build.0 = Release|Any CPU
		{3CFA9560-885E-4475-BD8C-D7D9B314C618}.Debug|Any CPU.ActiveCfg = Debug|Any CPU
		{3CFA9560-885E-4475-BD8C-D7D9B314C618}.Debug|Any CPU.Build.0 = Debug|Any CPU
		{3CFA9560-885E-4475-BD8C-D7D9B314C618}.Release|Any CPU.ActiveCfg = Release|Any CPU
		{3CFA9560-885E-4475-BD8C-D7D9B314C618}.Release|Any CPU.Build.0 = Release|Any CPU
		{09CE0249-8BFD-40EE-9BCD-6989579D0D80}.Debug|Any CPU.ActiveCfg = Debug|Any CPU
		{09CE0249-8BFD-40EE-9BCD-6989579D0D80}.Debug|Any CPU.Build.0 = Debug|Any CPU
		{09CE0249-8BFD-40EE-9BCD-6989579D0D80}.Release|Any CPU.ActiveCfg = Release|Any CPU
		{09CE0249-8BFD-40EE-9BCD-6989579D0D80}.Release|Any CPU.Build.0 = Release|Any CPU
		{E4F5B839-ECBB-421B-A231-0062A6EE7FEA}.Debug|Any CPU.ActiveCfg = Debug|Any CPU
		{E4F5B839-ECBB-421B-A231-0062A6EE7FEA}.Debug|Any CPU.Build.0 = Debug|Any CPU
		{E4F5B839-ECBB-421B-A231-0062A6EE7FEA}.Release|Any CPU.ActiveCfg = Release|Any CPU
		{E4F5B839-ECBB-421B-A231-0062A6EE7FEA}.Release|Any CPU.Build.0 = Release|Any CPU
	EndGlobalSection
	GlobalSection(SolutionProperties) = preSolution
		HideSolutionNode = FALSE
	EndGlobalSection
EndGlobal
